// !$*UTF8*$!
{
	archiveVersion = 1;
	classes = {
	};
	objectVersion = 46;
	objects = {

/* Begin PBXBuildFile section */
		012ACC4A19C69AA00006E3CE /* AppDelegate.swift in Sources */ = {isa = PBXBuildFile; fileRef = 012ACC4919C69AA00006E3CE /* AppDelegate.swift */; };
		012ACC4C19C69AA00006E3CE /* ViewController.swift in Sources */ = {isa = PBXBuildFile; fileRef = 012ACC4B19C69AA00006E3CE /* ViewController.swift */; };
		012ACC4F19C69AA00006E3CE /* Main.storyboard in Resources */ = {isa = PBXBuildFile; fileRef = 012ACC4D19C69AA00006E3CE /* Main.storyboard */; };
		012ACC5119C69AA00006E3CE /* Images.xcassets in Resources */ = {isa = PBXBuildFile; fileRef = 012ACC5019C69AA00006E3CE /* Images.xcassets */; };
		012ACC5419C69AA00006E3CE /* LaunchScreen.xib in Resources */ = {isa = PBXBuildFile; fileRef = 012ACC5219C69AA00006E3CE /* LaunchScreen.xib */; };
		012ACC6A19C69ADF0006E3CE /* MidContinent_altimeter_mb.jpg in Resources */ = {isa = PBXBuildFile; fileRef = 012ACC6919C69ADF0006E3CE /* MidContinent_altimeter_mb.jpg */; };
		01DCC1A11F1303C800872CC6 /* Settings.bundle in Resources */ = {isa = PBXBuildFile; fileRef = 01DCC1A01F1303C800872CC6 /* Settings.bundle */; };
		01E785931F0DB23F0034E9C7 /* SwiftyJSON.swift in Sources */ = {isa = PBXBuildFile; fileRef = 01E785921F0DB23F0034E9C7 /* SwiftyJSON.swift */; };
/* End PBXBuildFile section */

/* Begin PBXFileReference section */
		012ACC4419C69AA00006E3CE /* BaroAltimeter.app */ = {isa = PBXFileReference; explicitFileType = wrapper.application; includeInIndex = 0; path = BaroAltimeter.app; sourceTree = BUILT_PRODUCTS_DIR; };
		012ACC4819C69AA00006E3CE /* Info.plist */ = {isa = PBXFileReference; lastKnownFileType = text.plist.xml; path = Info.plist; sourceTree = "<group>"; };
		012ACC4919C69AA00006E3CE /* AppDelegate.swift */ = {isa = PBXFileReference; lastKnownFileType = sourcecode.swift; path = AppDelegate.swift; sourceTree = "<group>"; };
		012ACC4B19C69AA00006E3CE /* ViewController.swift */ = {isa = PBXFileReference; lastKnownFileType = sourcecode.swift; path = ViewController.swift; sourceTree = "<group>"; };
		012ACC4E19C69AA00006E3CE /* Base */ = {isa = PBXFileReference; lastKnownFileType = file.storyboard; name = Base; path = Base.lproj/Main.storyboard; sourceTree = "<group>"; };
		012ACC5019C69AA00006E3CE /* Images.xcassets */ = {isa = PBXFileReference; lastKnownFileType = folder.assetcatalog; path = Images.xcassets; sourceTree = "<group>"; };
		012ACC5319C69AA00006E3CE /* Base */ = {isa = PBXFileReference; lastKnownFileType = file.xib; name = Base; path = Base.lproj/LaunchScreen.xib; sourceTree = "<group>"; };
		012ACC6919C69ADF0006E3CE /* MidContinent_altimeter_mb.jpg */ = {isa = PBXFileReference; lastKnownFileType = image.jpeg; path = MidContinent_altimeter_mb.jpg; sourceTree = "<group>"; };
		01DCC1A01F1303C800872CC6 /* Settings.bundle */ = {isa = PBXFileReference; lastKnownFileType = "wrapper.plug-in"; path = Settings.bundle; sourceTree = "<group>"; };
		01E785921F0DB23F0034E9C7 /* SwiftyJSON.swift */ = {isa = PBXFileReference; fileEncoding = 4; lastKnownFileType = sourcecode.swift; path = SwiftyJSON.swift; sourceTree = "<group>"; };
/* End PBXFileReference section */

/* Begin PBXFrameworksBuildPhase section */
		012ACC4119C69AA00006E3CE /* Frameworks */ = {
			isa = PBXFrameworksBuildPhase;
			buildActionMask = 2147483647;
			files = (
			);
			runOnlyForDeploymentPostprocessing = 0;
		};
/* End PBXFrameworksBuildPhase section */

/* Begin PBXGroup section */
		012ACC3B19C69AA00006E3CE = {
			isa = PBXGroup;
			children = (
				01DCC1A01F1303C800872CC6 /* Settings.bundle */,
				012ACC4619C69AA00006E3CE /* Altimeter */,
				012ACC4519C69AA00006E3CE /* Products */,
			);
			sourceTree = "<group>";
		};
		012ACC4519C69AA00006E3CE /* Products */ = {
			isa = PBXGroup;
			children = (
				012ACC4419C69AA00006E3CE /* BaroAltimeter.app */,
			);
			name = Products;
			sourceTree = "<group>";
		};
		012ACC4619C69AA00006E3CE /* Altimeter */ = {
			isa = PBXGroup;
			children = (
				012ACC4919C69AA00006E3CE /* AppDelegate.swift */,
				012ACC4B19C69AA00006E3CE /* ViewController.swift */,
				012ACC4D19C69AA00006E3CE /* Main.storyboard */,
				012ACC5019C69AA00006E3CE /* Images.xcassets */,
				01E785921F0DB23F0034E9C7 /* SwiftyJSON.swift */,
				012ACC5219C69AA00006E3CE /* LaunchScreen.xib */,
				012ACC4719C69AA00006E3CE /* Supporting Files */,
			);
			path = Altimeter;
			sourceTree = "<group>";
		};
		012ACC4719C69AA00006E3CE /* Supporting Files */ = {
			isa = PBXGroup;
			children = (
				012ACC6919C69ADF0006E3CE /* MidContinent_altimeter_mb.jpg */,
				012ACC4819C69AA00006E3CE /* Info.plist */,
			);
			name = "Supporting Files";
			sourceTree = "<group>";
		};
/* End PBXGroup section */

/* Begin PBXNativeTarget section */
		012ACC4319C69AA00006E3CE /* BaroAltimeter */ = {
			isa = PBXNativeTarget;
			buildConfigurationList = 012ACC6319C69AA00006E3CE /* Build configuration list for PBXNativeTarget "BaroAltimeter" */;
			buildPhases = (
				012ACC4019C69AA00006E3CE /* Sources */,
				012ACC4119C69AA00006E3CE /* Frameworks */,
				012ACC4219C69AA00006E3CE /* Resources */,
			);
			buildRules = (
			);
			dependencies = (
			);
			name = BaroAltimeter;
			productName = Altimeter;
			productReference = 012ACC4419C69AA00006E3CE /* BaroAltimeter.app */;
			productType = "com.apple.product-type.application";
		};
/* End PBXNativeTarget section */

/* Begin PBXProject section */
		012ACC3C19C69AA00006E3CE /* Project object */ = {
			isa = PBXProject;
			attributes = {
				LastUpgradeCheck = 0830;
				ORGANIZATIONNAME = "Kristopher Linquist";
				TargetAttributes = {
					012ACC4319C69AA00006E3CE = {
						CreatedOnToolsVersion = 6.0;
						DevelopmentTeam = YYE9CDH9RT;
						LastSwiftMigration = 0900;
						ProvisioningStyle = Automatic;
					};
				};
			};
			buildConfigurationList = 012ACC3F19C69AA00006E3CE /* Build configuration list for PBXProject "BaroAltimeter" */;
			compatibilityVersion = "Xcode 3.2";
			developmentRegion = English;
			hasScannedForEncodings = 0;
			knownRegions = (
				en,
				Base,
			);
			mainGroup = 012ACC3B19C69AA00006E3CE;
			productRefGroup = 012ACC4519C69AA00006E3CE /* Products */;
			projectDirPath = "";
			projectRoot = "";
			targets = (
				012ACC4319C69AA00006E3CE /* BaroAltimeter */,
			);
		};
/* End PBXProject section */

/* Begin PBXResourcesBuildPhase section */
		012ACC4219C69AA00006E3CE /* Resources */ = {
			isa = PBXResourcesBuildPhase;
			buildActionMask = 2147483647;
			files = (
				012ACC6A19C69ADF0006E3CE /* MidContinent_altimeter_mb.jpg in Resources */,
				012ACC4F19C69AA00006E3CE /* Main.storyboard in Resources */,
				01DCC1A11F1303C800872CC6 /* Settings.bundle in Resources */,
				012ACC5419C69AA00006E3CE /* LaunchScreen.xib in Resources */,
				012ACC5119C69AA00006E3CE /* Images.xcassets in Resources */,
			);
			runOnlyForDeploymentPostprocessing = 0;
		};
/* End PBXResourcesBuildPhase section */

/* Begin PBXSourcesBuildPhase section */
		012ACC4019C69AA00006E3CE /* Sources */ = {
			isa = PBXSourcesBuildPhase;
			buildActionMask = 2147483647;
			files = (
				012ACC4C19C69AA00006E3CE /* ViewController.swift in Sources */,
				012ACC4A19C69AA00006E3CE /* AppDelegate.swift in Sources */,
				01E785931F0DB23F0034E9C7 /* SwiftyJSON.swift in Sources */,
			);
			runOnlyForDeploymentPostprocessing = 0;
		};
/* End PBXSourcesBuildPhase section */

/* Begin PBXVariantGroup section */
		012ACC4D19C69AA00006E3CE /* Main.storyboard */ = {
			isa = PBXVariantGroup;
			children = (
				012ACC4E19C69AA00006E3CE /* Base */,
			);
			name = Main.storyboard;
			sourceTree = "<group>";
		};
		012ACC5219C69AA00006E3CE /* LaunchScreen.xib */ = {
			isa = PBXVariantGroup;
			children = (
				012ACC5319C69AA00006E3CE /* Base */,
			);
			name = LaunchScreen.xib;
			sourceTree = "<group>";
		};
/* End PBXVariantGroup section */

/* Begin XCBuildConfiguration section */
		012ACC6119C69AA00006E3CE /* Debug */ = {
			isa = XCBuildConfiguration;
			buildSettings = {
				ALWAYS_SEARCH_USER_PATHS = NO;
				CLANG_CXX_LANGUAGE_STANDARD = "gnu++0x";
				CLANG_CXX_LIBRARY = "libc++";
				CLANG_ENABLE_MODULES = YES;
				CLANG_ENABLE_OBJC_ARC = YES;
				CLANG_WARN_BOOL_CONVERSION = YES;
				CLANG_WARN_CONSTANT_CONVERSION = YES;
				CLANG_WARN_DIRECT_OBJC_ISA_USAGE = YES_ERROR;
				CLANG_WARN_EMPTY_BODY = YES;
				CLANG_WARN_ENUM_CONVERSION = YES;
				CLANG_WARN_INFINITE_RECURSION = YES;
				CLANG_WARN_INT_CONVERSION = YES;
				CLANG_WARN_OBJC_ROOT_CLASS = YES_ERROR;
				CLANG_WARN_SUSPICIOUS_MOVE = YES;
				CLANG_WARN_UNREACHABLE_CODE = YES;
				CLANG_WARN__DUPLICATE_METHOD_MATCH = YES;
				"CODE_SIGN_IDENTITY[sdk=iphoneos*]" = "iPhone Developer";
				COPY_PHASE_STRIP = NO;
				ENABLE_STRICT_OBJC_MSGSEND = YES;
				ENABLE_TESTABILITY = YES;
				GCC_C_LANGUAGE_STANDARD = gnu99;
				GCC_DYNAMIC_NO_PIC = NO;
				GCC_NO_COMMON_BLOCKS = YES;
				GCC_OPTIMIZATION_LEVEL = 0;
				GCC_PREPROCESSOR_DEFINITIONS = (
					"DEBUG=1",
					"$(inherited)",
				);
				GCC_SYMBOLS_PRIVATE_EXTERN = NO;
				GCC_WARN_64_TO_32_BIT_CONVERSION = YES;
				GCC_WARN_ABOUT_RETURN_TYPE = YES_ERROR;
				GCC_WARN_UNDECLARED_SELECTOR = YES;
				GCC_WARN_UNINITIALIZED_AUTOS = YES_AGGRESSIVE;
				GCC_WARN_UNUSED_FUNCTION = YES;
				GCC_WARN_UNUSED_VARIABLE = YES;
				IPHONEOS_DEPLOYMENT_TARGET = 9.0;
				MTL_ENABLE_DEBUG_INFO = YES;
				ONLY_ACTIVE_ARCH = YES;
				SDKROOT = iphoneos;
				SWIFT_OPTIMIZATION_LEVEL = "-Onone";
			};
			name = Debug;
		};
		012ACC6219C69AA00006E3CE /* Release */ = {
			isa = XCBuildConfiguration;
			buildSettings = {
				ALWAYS_SEARCH_USER_PATHS = NO;
				CLANG_CXX_LANGUAGE_STANDARD = "gnu++0x";
				CLANG_CXX_LIBRARY = "libc++";
				CLANG_ENABLE_MODULES = YES;
				CLANG_ENABLE_OBJC_ARC = YES;
				CLANG_WARN_BOOL_CONVERSION = YES;
				CLANG_WARN_CONSTANT_CONVERSION = YES;
				CLANG_WARN_DIRECT_OBJC_ISA_USAGE = YES_ERROR;
				CLANG_WARN_EMPTY_BODY = YES;
				CLANG_WARN_ENUM_CONVERSION = YES;
				CLANG_WARN_INFINITE_RECURSION = YES;
				CLANG_WARN_INT_CONVERSION = YES;
				CLANG_WARN_OBJC_ROOT_CLASS = YES_ERROR;
				CLANG_WARN_SUSPICIOUS_MOVE = YES;
				CLANG_WARN_UNREACHABLE_CODE = YES;
				CLANG_WARN__DUPLICATE_METHOD_MATCH = YES;
				"CODE_SIGN_IDENTITY[sdk=iphoneos*]" = "iPhone Developer";
				COPY_PHASE_STRIP = YES;
				ENABLE_NS_ASSERTIONS = NO;
				ENABLE_STRICT_OBJC_MSGSEND = YES;
				GCC_C_LANGUAGE_STANDARD = gnu99;
				GCC_NO_COMMON_BLOCKS = YES;
				GCC_WARN_64_TO_32_BIT_CONVERSION = YES;
				GCC_WARN_ABOUT_RETURN_TYPE = YES_ERROR;
				GCC_WARN_UNDECLARED_SELECTOR = YES;
				GCC_WARN_UNINITIALIZED_AUTOS = YES_AGGRESSIVE;
				GCC_WARN_UNUSED_FUNCTION = YES;
				GCC_WARN_UNUSED_VARIABLE = YES;
				IPHONEOS_DEPLOYMENT_TARGET = 9.0;
				MTL_ENABLE_DEBUG_INFO = NO;
				SDKROOT = iphoneos;
				SWIFT_OPTIMIZATION_LEVEL = "-Owholemodule";
				VALIDATE_PRODUCT = YES;
			};
			name = Release;
		};
		012ACC6419C69AA00006E3CE /* Debug */ = {
			isa = XCBuildConfiguration;
			buildSettings = {
				ASSETCATALOG_COMPILER_APPICON_NAME = AppIcon;
				"CODE_SIGN_IDENTITY[sdk=iphoneos*]" = "iPhone Developer";
				DEVELOPMENT_TEAM = YYE9CDH9RT;
				INFOPLIST_FILE = Altimeter/Info.plist;
				IPHONEOS_DEPLOYMENT_TARGET = 9.0;
				LD_RUNPATH_SEARCH_PATHS = "$(inherited) @executable_path/Frameworks";
				PRODUCT_BUNDLE_IDENTIFIER = com.linquist.altimeter;
				PRODUCT_NAME = BaroAltimeter;
				PROVISIONING_PROFILE_SPECIFIER = "";
				SWIFT_SWIFT3_OBJC_INFERENCE = On;
				SWIFT_VERSION = 3.0;
				VALID_ARCHS = "arm64 armv7";
			};
			name = Debug;
		};
		012ACC6519C69AA00006E3CE /* Release */ = {
			isa = XCBuildConfiguration;
			buildSettings = {
				ASSETCATALOG_COMPILER_APPICON_NAME = AppIcon;
				"CODE_SIGN_IDENTITY[sdk=iphoneos*]" = "iPhone Developer";
				DEVELOPMENT_TEAM = YYE9CDH9RT;
				INFOPLIST_FILE = Altimeter/Info.plist;
				IPHONEOS_DEPLOYMENT_TARGET = 9.0;
				LD_RUNPATH_SEARCH_PATHS = "$(inherited) @executable_path/Frameworks";
				PRODUCT_BUNDLE_IDENTIFIER = com.linquist.altimeter;
				PRODUCT_NAME = BaroAltimeter;
				PROVISIONING_PROFILE_SPECIFIER = "";
				SWIFT_SWIFT3_OBJC_INFERENCE = On;
				SWIFT_VERSION = 3.0;
				VALID_ARCHS = "arm64 armv7";
			};
			name = Release;
		};
/* End XCBuildConfiguration section */

/* Begin XCConfigurationList section */
		012ACC3F19C69AA00006E3CE /* Build configuration list for PBXProject "BaroAltimeter" */ = {
			isa = XCConfigurationList;
			buildConfigurations = (
				012ACC6119C69AA00006E3CE /* Debug */,
				012ACC6219C69AA00006E3CE /* Release */,
			);
			defaultConfigurationIsVisible = 0;
			defaultConfigurationName = Release;
		};
		012ACC6319C69AA00006E3CE /* Build configuration list for PBXNativeTarget "BaroAltimeter" */ = {
			isa = XCConfigurationList;
			buildConfigurations = (
				012ACC6419C69AA00006E3CE /* Debug */,
				012ACC6519C69AA00006E3CE /* Release */,
			);
			defaultConfigurationIsVisible = 0;
			defaultConfigurationName = Release;
		};
/* End XCConfigurationList section */
	};
	rootObject = 012ACC3C19C69AA00006E3CE /* Project object */;
}
